
Microsoft Visual Studio Solution File, Format Version 12.00
# Visual Studio Version 16
VisualStudioVersion = 16.0.29318.209
MinimumVisualStudioVersion = 10.0.40219.1
Project("{FAE04EC0-301F-11D3-BF4B-00C04F79EFBC}") = "TestFileAndDirectory2", "TestFileAndDirectory2\TestFileAndDirectory2.csproj", "{8321E1C3-8AAC-400B-B2B2-DB6D74C651DF}"
EndProject
Global
	GlobalSection(SolutionConfigurationPlatforms) = preSolution
		Debug|Any CPU = Debug|Any CPU
		Release|Any CPU = Release|Any CPU
	EndGlobalSection
	GlobalSection(ProjectConfigurationPlatforms) = postSolution
		{8321E1C3-8AAC-400B-B2B2-DB6D74C651DF}.Debug|Any CPU.ActiveCfg = Debug|Any CPU
		{8321E1C3-8AAC-400B-B2B2-DB6D74C651DF}.Debug|Any CPU.Build.0 = Debug|Any CPU
		{8321E1C3-8AAC-400B-B2B2-DB6D74C651DF}.Release|Any CPU.ActiveCfg = Release|Any CPU
		{8321E1C3-8AAC-400B-B2B2-DB6D74C651DF}.Release|Any CPU.Build.0 = Release|Any CPU
	EndGlobalSection
	GlobalSection(SolutionProperties) = preSolution
		HideSolutionNode = FALSE
	EndGlobalSection
	GlobalSection(ExtensibilityGlobals) = postSolution
		SolutionGuid = {CD924106-9E88-410B-9E1C-12618A414EB8}
	EndGlobalSection
EndGlobal
